
Microsoft Visual Studio Solution File, Format Version 12.00
# Visual Studio Version 16
VisualStudioVersion = 16.6.30114.105
MinimumVisualStudioVersion = 10.0.40219.1
Project("{FAE04EC0-301F-11D3-BF4B-00C04F79EFBC}") = "MathLib", "MathLib\MathLib.csproj", "{9DDAA2E4-4682-49CA-9163-84525971567B}"
EndProject
Project("{FAE04EC0-301F-11D3-BF4B-00C04F79EFBC}") = "MathLib.Tests", "MathLib.Tests\MathLib.Tests.csproj", "{92337A36-574C-4C38-B6D0-71A1AA343F8E}"
EndProject
Global
	GlobalSection(SolutionConfigurationPlatforms) = preSolution
		Debug|Any CPU = Debug|Any CPU
		Debug|x64 = Debug|x64
		Debug|x86 = Debug|x86
		Release|Any CPU = Release|Any CPU
		Release|x64 = Release|x64
		Release|x86 = Release|x86
	EndGlobalSection
	GlobalSection(SolutionProperties) = preSolution
		HideSolutionNode = FALSE
	EndGlobalSection
	GlobalSection(ProjectConfigurationPlatforms) = postSolution
		{9DDAA2E4-4682-49CA-9163-84525971567B}.Debug|Any CPU.ActiveCfg = Debug|Any CPU
		{9DDAA2E4-4682-49CA-9163-84525971567B}.Debug|Any CPU.Build.0 = Debug|Any CPU
		{9DDAA2E4-4682-49CA-9163-84525971567B}.Debug|x64.ActiveCfg = Debug|Any CPU
		{9DDAA2E4-4682-49CA-9163-84525971567B}.Debug|x64.Build.0 = Debug|Any CPU
		{9DDAA2E4-4682-49CA-9163-84525971567B}.Debug|x86.ActiveCfg = Debug|Any CPU
		{9DDAA2E4-4682-49CA-9163-84525971567B}.Debug|x86.Build.0 = Debug|Any CPU
		{9DDAA2E4-4682-49CA-9163-84525971567B}.Release|Any CPU.ActiveCfg = Release|Any CPU
		{9DDAA2E4-4682-49CA-9163-84525971567B}.Release|Any CPU.Build.0 = Release|Any CPU
		{9DDAA2E4-4682-49CA-9163-84525971567B}.Release|x64.ActiveCfg = Release|Any CPU
		{9DDAA2E4-4682-49CA-9163-84525971567B}.Release|x64.Build.0 = Release|Any CPU
		{9DDAA2E4-4682-49CA-9163-84525971567B}.Release|x86.ActiveCfg = Release|Any CPU
		{9DDAA2E4-4682-49CA-9163-84525971567B}.Release|x86.Build.0 = Release|Any CPU
		{92337A36-574C-4C38-B6D0-71A1AA343F8E}.Debug|Any CPU.ActiveCfg = Debug|Any CPU
		{92337A36-574C-4C38-B6D0-71A1AA343F8E}.Debug|Any CPU.Build.0 = Debug|Any CPU
		{92337A36-574C-4C38-B6D0-71A1AA343F8E}.Debug|x64.ActiveCfg = Debug|Any CPU
		{92337A36-574C-4C38-B6D0-71A1AA343F8E}.Debug|x64.Build.0 = Debug|Any CPU
		{92337A36-574C-4C38-B6D0-71A1AA343F8E}.Debug|x86.ActiveCfg = Debug|Any CPU
		{92337A36-574C-4C38-B6D0-71A1AA343F8E}.Debug|x86.Build.0 = Debug|Any CPU
		{92337A36-574C-4C38-B6D0-71A1AA343F8E}.Release|Any CPU.ActiveCfg = Release|Any CPU
		{92337A36-574C-4C38-B6D0-71A1AA343F8E}.Release|Any CPU.Build.0 = Release|Any CPU
		{92337A36-574C-4C38-B6D0-71A1AA343F8E}.Release|x64.ActiveCfg = Release|Any CPU
		{92337A36-574C-4C38-B6D0-71A1AA343F8E}.Release|x64.Build.0 = Release|Any CPU
		{92337A36-574C-4C38-B6D0-71A1AA343F8E}.Release|x86.ActiveCfg = Release|Any CPU
		{92337A36-574C-4C38-B6D0-71A1AA343F8E}.Release|x86.Build.0 = Release|Any CPU
	EndGlobalSection
EndGlobal
